{
  "version": 4,
  "terraform_version": "1.2.3",
  "serial": 84,
  "lineage": "eedb5b64-4ae4-e930-e505-91629349fe55",
  "outputs": {},
  "resources": [
    {
      "mode": "managed",
      "type": "aws_instance",
      "name": "tf_instance",
      "provider": "provider[\"registry.terraform.io/hashicorp/aws\"]",
      "instances": [
        {
          "schema_version": 1,
          "attributes": {
            "ami": "ami-08df646e18b182346",
            "arn": "arn:aws:ec2:ap-south-1:052061212551:instance/i-0d0dafe0efc2a53cb",
            "associate_public_ip_address": true,
            "availability_zone": "ap-south-1a",
            "capacity_reservation_specification": [
              {
                "capacity_reservation_preference": "open",
                "capacity_reservation_target": []
              }
            ],
            "cpu_core_count": 1,
            "cpu_threads_per_core": 1,
            "credit_specification": [
              {
                "cpu_credits": "standard"
              }
            ],
            "disable_api_stop": false,
            "disable_api_termination": false,
            "ebs_block_device": [],
            "ebs_optimized": false,
            "enclave_options": [
              {
                "enabled": false
              }
            ],
            "ephemeral_block_device": [],
            "get_password_data": false,
            "hibernation": false,
            "host_id": null,
            "iam_instance_profile": "",
            "id": "i-0d0dafe0efc2a53cb",
            "instance_initiated_shutdown_behavior": "stop",
            "instance_state": "running",
            "instance_type": "t2.micro",
            "ipv6_address_count": 0,
            "ipv6_addresses": [],
            "key_name": "tf_key",
            "launch_template": [],
            "maintenance_options": [
              {
                "auto_recovery": "default"
              }
            ],
            "metadata_options": [
              {
                "http_endpoint": "enabled",
                "http_put_response_hop_limit": 1,
                "http_tokens": "optional",
                "instance_metadata_tags": "disabled"
              }
            ],
            "monitoring": false,
            "network_interface": [],
            "outpost_arn": "",
            "password_data": "",
            "placement_group": "",
            "placement_partition_number": null,
            "primary_network_interface_id": "eni-00eca4f05db2510b6",
            "private_dns": "ip-12-0-1-24.ap-south-1.compute.internal",
            "private_dns_name_options": [
              {
                "enable_resource_name_dns_a_record": false,
                "enable_resource_name_dns_aaaa_record": false,
                "hostname_type": "ip-name"
              }
            ],
            "private_ip": "12.0.1.24",
            "public_dns": "",
            "public_ip": "3.110.127.27",
            "root_block_device": [
              {
                "delete_on_termination": true,
                "device_name": "/dev/xvda",
                "encrypted": false,
                "iops": 100,
                "kms_key_id": "",
                "tags": {},
                "throughput": 0,
                "volume_id": "vol-0e3c7fede93388a03",
                "volume_size": 8,
                "volume_type": "gp2"
              }
            ],
            "secondary_private_ips": [],
            "security_groups": [
              "sg-0f3f14eb31c0a4f3b"
            ],
            "source_dest_check": true,
            "subnet_id": "subnet-0d04df83d93d623f2",
            "tags": {
              "Name": "tf_instance"
            },
            "tags_all": {
              "Name": "tf_instance"
            },
            "tenancy": "default",
            "timeouts": null,
            "user_data": null,
            "user_data_base64": null,
            "user_data_replace_on_change": false,
            "volume_tags": null,
            "vpc_security_group_ids": [
              "sg-0f3f14eb31c0a4f3b"
            ]
          },
          "sensitive_attributes": [],
          "private": "eyJlMmJmYjczMC1lY2FhLTExZTYtOGY4OC0zNDM2M2JjN2M0YzAiOnsiY3JlYXRlIjo2MDAwMDAwMDAwMDAsImRlbGV0ZSI6MTIwMDAwMDAwMDAwMCwidXBkYXRlIjo2MDAwMDAwMDAwMDB9LCJzY2hlbWFfdmVyc2lvbiI6IjEifQ==",
          "dependencies": [
            "aws_key_pair.generated_key",
            "aws_security_group.tf_sg",
            "aws_subnet.tf-subnet",
            "aws_vpc.TF_VPC",
            "tls_private_key.private_key"
          ]
        }
      ]
    },
    {
      "mode": "managed",
      "type": "aws_internet_gateway",
      "name": "tf_ig",
      "provider": "provider[\"registry.terraform.io/hashicorp/aws\"]",
      "instances": [
        {
          "schema_version": 0,
          "attributes": {
            "arn": "arn:aws:ec2:ap-south-1:052061212551:internet-gateway/igw-045e2383cd20172eb",
            "id": "igw-045e2383cd20172eb",
            "owner_id": "052061212551",
            "tags": {
              "Name": "tf_ig"
            },
            "tags_all": {
              "Name": "tf_ig"
            },
            "vpc_id": "vpc-037707701f25f060d"
          },
          "sensitive_attributes": [],
          "private": "bnVsbA==",
          "dependencies": [
            "aws_vpc.TF_VPC"
          ]
        }
      ]
    },
    {
      "mode": "managed",
      "type": "aws_key_pair",
      "name": "generated_key",
      "provider": "provider[\"registry.terraform.io/hashicorp/aws\"]",
      "instances": [
        {
          "schema_version": 1,
          "attributes": {
            "arn": "arn:aws:ec2:ap-south-1:052061212551:key-pair/tf_key",
            "fingerprint": "f4:e0:38:e4:89:93:ed:a8:aa:c3:98:ab:d7:81:64:ca",
            "id": "tf_key",
            "key_name": "tf_key",
            "key_name_prefix": "",
            "key_pair_id": "key-0ae6a4def8764e02e",
            "public_key": "ssh-rsa AAAAB3NzaC1yc2EAAAADAQABAAABAQC5uc+6+mg5JO+RULj7KJg8Is/ieUsMn9dAmY1SChnAxljhKuL4G37t4hO70QzhqCtRDWfSc2kMOlwrFOavEPkvM2YtgULfr67K4WG0bHWGEbES4EGD8shcjo5THZJG5qI7tRu5AmysppD9d7oTdnwGNPl+g6PRHh6L2NI/iZ2WvqYPzyHfl47sbERzGRV1wFPA2b22hW9wXDTMKNeH3XOnVlY31+U68Ftq53yNwOZy4+Fq81V0IiJr9XO06rmzlnoyUMKW4Rc6/UgqqkxgFdo7JbD+mqJV/0pqqXlO8KwmERikpJw0vPKfn5L/S8HJK1KFt8DgyrhBUVLf5C5FUspp",
            "tags": null,
            "tags_all": {}
          },
          "sensitive_attributes": [],
          "private": "eyJzY2hlbWFfdmVyc2lvbiI6IjEifQ==",
          "dependencies": [
            "tls_private_key.private_key"
          ]
        }
      ]
    },
    {
      "mode": "managed",
      "type": "aws_route_table",
      "name": "tf_route",
      "provider": "provider[\"registry.terraform.io/hashicorp/aws\"]",
      "instances": [
        {
          "schema_version": 0,
          "attributes": {
            "arn": "arn:aws:ec2:ap-south-1:052061212551:route-table/rtb-0780d3cd6ef1d1859",
            "id": "rtb-0780d3cd6ef1d1859",
            "owner_id": "052061212551",
            "propagating_vgws": [],
            "route": [
              {
                "carrier_gateway_id": "",
                "cidr_block": "0.0.0.0/0",
                "core_network_arn": "",
                "destination_prefix_list_id": "",
                "egress_only_gateway_id": "",
                "gateway_id": "igw-045e2383cd20172eb",
                "instance_id": "",
                "ipv6_cidr_block": "",
                "local_gateway_id": "",
                "nat_gateway_id": "",
                "network_interface_id": "",
                "transit_gateway_id": "",
                "vpc_endpoint_id": "",
                "vpc_peering_connection_id": ""
              }
            ],
            "tags": {
              "Name": "tf_route"
            },
            "tags_all": {
              "Name": "tf_route"
            },
            "timeouts": null,
            "vpc_id": "vpc-037707701f25f060d"
          },
          "sensitive_attributes": [],
          "private": "eyJlMmJmYjczMC1lY2FhLTExZTYtOGY4OC0zNDM2M2JjN2M0YzAiOnsiY3JlYXRlIjozMDAwMDAwMDAwMDAsImRlbGV0ZSI6MzAwMDAwMDAwMDAwLCJ1cGRhdGUiOjEyMDAwMDAwMDAwMH19",
          "dependencies": [
            "aws_internet_gateway.tf_ig",
            "aws_vpc.TF_VPC"
          ]
        }
      ]
    },
    {
      "mode": "managed",
      "type": "aws_route_table_association",
      "name": "connect_route_subnet",
      "provider": "provider[\"registry.terraform.io/hashicorp/aws\"]",
      "instances": [
        {
          "schema_version": 0,
          "attributes": {
            "gateway_id": "",
            "id": "rtbassoc-0870fd8877c267c9e",
            "route_table_id": "rtb-0780d3cd6ef1d1859",
            "subnet_id": "subnet-0d04df83d93d623f2"
          },
          "sensitive_attributes": [],
          "private": "bnVsbA==",
          "dependencies": [
            "aws_internet_gateway.tf_ig",
            "aws_route_table.tf_route",
            "aws_subnet.tf-subnet",
            "aws_vpc.TF_VPC"
          ]
        }
      ]
    },
    {
      "mode": "managed",
      "type": "aws_security_group",
      "name": "tf_sg",
      "provider": "provider[\"registry.terraform.io/hashicorp/aws\"]",
      "instances": [
        {
          "schema_version": 1,
          "attributes": {
            "arn": "arn:aws:ec2:ap-south-1:052061212551:security-group/sg-0f3f14eb31c0a4f3b",
            "description": "Managed by Terraform",
            "egress": [
              {
                "cidr_blocks": [
                  "0.0.0.0/0"
                ],
                "description": "",
                "from_port": 0,
                "ipv6_cidr_blocks": [],
                "prefix_list_ids": [],
                "protocol": "-1",
                "security_groups": [],
                "self": false,
                "to_port": 0
              }
            ],
            "id": "sg-0f3f14eb31c0a4f3b",
            "ingress": [
              {
                "cidr_blocks": [
                  "0.0.0.0/0"
                ],
                "description": "",
                "from_port": 22,
                "ipv6_cidr_blocks": [],
                "prefix_list_ids": [],
                "protocol": "tcp",
                "security_groups": [],
                "self": false,
                "to_port": 22
              },
              {
                "cidr_blocks": [
                  "0.0.0.0/0"
                ],
                "description": "",
                "from_port": 80,
                "ipv6_cidr_blocks": [],
                "prefix_list_ids": [],
                "protocol": "tcp",
                "security_groups": [],
                "self": false,
                "to_port": 80
              }
            ],
            "name": "tf_sg",
            "name_prefix": "",
            "owner_id": "052061212551",
            "revoke_rules_on_delete": false,
            "tags": {
              "Name": "tf_sg"
            },
            "tags_all": {
              "Name": "tf_sg"
            },
            "timeouts": null,
            "vpc_id": "vpc-037707701f25f060d"
          },
          "sensitive_attributes": [],
          "private": "eyJlMmJmYjczMC1lY2FhLTExZTYtOGY4OC0zNDM2M2JjN2M0YzAiOnsiY3JlYXRlIjo2MDAwMDAwMDAwMDAsImRlbGV0ZSI6OTAwMDAwMDAwMDAwfSwic2NoZW1hX3ZlcnNpb24iOiIxIn0=",
          "dependencies": [
            "aws_vpc.TF_VPC"
          ]
        }
      ]
    },
    {
      "mode": "managed",
      "type": "aws_subnet",
      "name": "tf-subnet",
      "provider": "provider[\"registry.terraform.io/hashicorp/aws\"]",
      "instances": [
        {
          "index_key": 0,
          "schema_version": 1,
          "attributes": {
            "arn": "arn:aws:ec2:ap-south-1:052061212551:subnet/subnet-0d04df83d93d623f2",
            "assign_ipv6_address_on_creation": false,
            "availability_zone": "ap-south-1a",
            "availability_zone_id": "aps1-az1",
            "cidr_block": "12.0.1.0/24",
            "customer_owned_ipv4_pool": "",
            "enable_dns64": false,
            "enable_resource_name_dns_a_record_on_launch": false,
            "enable_resource_name_dns_aaaa_record_on_launch": false,
            "id": "subnet-0d04df83d93d623f2",
            "ipv6_cidr_block": "",
            "ipv6_cidr_block_association_id": "",
            "ipv6_native": false,
            "map_customer_owned_ip_on_launch": false,
            "map_public_ip_on_launch": true,
            "outpost_arn": "",
            "owner_id": "052061212551",
            "private_dns_hostname_type_on_launch": "ip-name",
            "tags": {
              "Name": "tf_subnet_1"
            },
            "tags_all": {
              "Name": "tf_subnet_1"
            },
            "timeouts": null,
            "vpc_id": "vpc-037707701f25f060d"
          },
          "sensitive_attributes": [],
          "private": "eyJlMmJmYjczMC1lY2FhLTExZTYtOGY4OC0zNDM2M2JjN2M0YzAiOnsiY3JlYXRlIjo2MDAwMDAwMDAwMDAsImRlbGV0ZSI6MTIwMDAwMDAwMDAwMH0sInNjaGVtYV92ZXJzaW9uIjoiMSJ9",
          "dependencies": [
            "aws_vpc.TF_VPC"
          ]
        },
        {
          "index_key": 1,
          "schema_version": 1,
          "attributes": {
            "arn": "arn:aws:ec2:ap-south-1:052061212551:subnet/subnet-03d94aff26835cc76",
            "assign_ipv6_address_on_creation": false,
            "availability_zone": "ap-south-1b",
            "availability_zone_id": "aps1-az3",
            "cidr_block": "12.0.2.0/24",
            "customer_owned_ipv4_pool": "",
            "enable_dns64": false,
            "enable_resource_name_dns_a_record_on_launch": false,
            "enable_resource_name_dns_aaaa_record_on_launch": false,
            "id": "subnet-03d94aff26835cc76",
            "ipv6_cidr_block": "",
            "ipv6_cidr_block_association_id": "",
            "ipv6_native": false,
            "map_customer_owned_ip_on_launch": false,
            "map_public_ip_on_launch": true,
            "outpost_arn": "",
            "owner_id": "052061212551",
            "private_dns_hostname_type_on_launch": "ip-name",
            "tags": {
              "Name": "tf_subnet_2"
            },
            "tags_all": {
              "Name": "tf_subnet_2"
            },
            "timeouts": null,
            "vpc_id": "vpc-037707701f25f060d"
          },
          "sensitive_attributes": [],
          "private": "eyJlMmJmYjczMC1lY2FhLTExZTYtOGY4OC0zNDM2M2JjN2M0YzAiOnsiY3JlYXRlIjo2MDAwMDAwMDAwMDAsImRlbGV0ZSI6MTIwMDAwMDAwMDAwMH0sInNjaGVtYV92ZXJzaW9uIjoiMSJ9",
          "dependencies": [
            "aws_vpc.TF_VPC"
          ]
        }
      ]
    },
    {
      "mode": "managed",
      "type": "aws_vpc",
      "name": "TF_VPC",
      "provider": "provider[\"registry.terraform.io/hashicorp/aws\"]",
      "instances": [
        {
          "schema_version": 1,
          "attributes": {
            "arn": "arn:aws:ec2:ap-south-1:052061212551:vpc/vpc-037707701f25f060d",
            "assign_generated_ipv6_cidr_block": false,
            "cidr_block": "12.0.0.0/16",
            "default_network_acl_id": "acl-0236e57b9142ec5c4",
            "default_route_table_id": "rtb-0b602347256a469dc",
            "default_security_group_id": "sg-03c9973f4303d00e4",
            "dhcp_options_id": "dopt-0becd81bf8cf2faf7",
            "enable_classiclink": false,
            "enable_classiclink_dns_support": false,
            "enable_dns_hostnames": false,
            "enable_dns_support": true,
            "id": "vpc-037707701f25f060d",
            "instance_tenancy": "default",
            "ipv4_ipam_pool_id": null,
            "ipv4_netmask_length": null,
            "ipv6_association_id": "",
            "ipv6_cidr_block": "",
            "ipv6_cidr_block_network_border_group": "",
            "ipv6_ipam_pool_id": "",
            "ipv6_netmask_length": 0,
            "main_route_table_id": "rtb-0b602347256a469dc",
            "owner_id": "052061212551",
            "tags": {
              "Name": "tf_vpc"
            },
            "tags_all": {
              "Name": "tf_vpc"
            }
          },
          "sensitive_attributes": [],
          "private": "eyJzY2hlbWFfdmVyc2lvbiI6IjEifQ=="
        }
      ]
    },
    {
      "mode": "managed",
      "type": "tls_private_key",
      "name": "private_key",
      "provider": "provider[\"registry.terraform.io/hashicorp/tls\"]",
      "instances": [
        {
          "schema_version": 0,
          "attributes": {
            "algorithm": "RSA",
            "ecdsa_curve": "P224",
            "id": "a64b64b644dcc0121541adaffc30881e4069cc0d",
            "private_key_openssh": "-----BEGIN OPENSSH PRIVATE KEY-----\nb3BlbnNzaC1rZXktdjEAAAAABG5vbmUAAAAEbm9uZQAAAAAAAAABAAABFwAAAAdz\nc2gtcnNhAAAAAwEAAQAAAQEAubnPuvpoOSTvkVC4+yiYPCLP4nlLDJ/XQJmNUgoZ\nwMZY4Sri+Bt+7eITu9EM4agrUQ1n0nNpDDpcKxTmrxD5LzNmLYFC36+uyuFhtGx1\nhhGxEuBBg/LIXI6OUx2SRuaiO7UbuQJsrKaQ/Xe6E3Z8BjT5foOj0R4ei9jSP4md\nlr6mD88h35eO7GxEcxkVdcBTwNm9toVvcFw0zCjXh91zp1ZWN9flOvBbaud8jcDm\ncuPhavNVdCIia/VztOq5s5Z6MlDCluEXOv1IKqpMYBXaOyWw/pqiVf9Kaql5TvCs\nJhEYpKScNLzyn5+S/0vByStShbfA4Mq4QVFS3+QuRVLKaQAAA7jdD4p33Q+KdwAA\nAAdzc2gtcnNhAAABAQC5uc+6+mg5JO+RULj7KJg8Is/ieUsMn9dAmY1SChnAxljh\nKuL4G37t4hO70QzhqCtRDWfSc2kMOlwrFOavEPkvM2YtgULfr67K4WG0bHWGEbES\n4EGD8shcjo5THZJG5qI7tRu5AmysppD9d7oTdnwGNPl+g6PRHh6L2NI/iZ2WvqYP\nzyHfl47sbERzGRV1wFPA2b22hW9wXDTMKNeH3XOnVlY31+U68Ftq53yNwOZy4+Fq\n81V0IiJr9XO06rmzlnoyUMKW4Rc6/UgqqkxgFdo7JbD+mqJV/0pqqXlO8KwmERik\npJw0vPKfn5L/S8HJK1KFt8DgyrhBUVLf5C5FUsppAAAAAwEAAQAAAQAA/15+QpoM\ntIYU4bocnzsyF33GWaBtkO43CpwXtLYusuIHU5OkgYFNBcnVWGoZTC3vYYMNPlFy\nH14fXR1gE1dDSaNi2y7gxLDLpipALdTzw2SQFWREsSkiViGtkJsYhmSYrYBYngq3\nYq2krt/w+tHvtpkgdNSMavz/A0sdzD9sb9dZF9au30dfeCApOR93EXtt5Fly4jDQ\nqV5PeNIxKqhO+RV036+YDxG0lA8Nccrhw74iXPtqfH288sax8JvnPKz8Z6jsGHEx\ndGHK7yyqpHrjoM5eUsd7nx8oQ8hQe2s+SsDLG0HNiWvmEzWwDXDZ8I+FT5t3rEO5\niDa1XnA+bQOBAAAAgG1RIn9wPnoAuLNNY7jCIYVQ0IUpxttsHoarLTGQBXQjR5Q4\nrro3HKzoeQg9bXECZ7aulE2cKDZB//QZxhq9DD61YXaj5ITX8cF+1W+HmdKNi4o9\nJV2C5s/8p4x+mXTMYG8dVxqaQoaxIXignektiirngbSLZtDdU+ZT15dxAikWAAAA\ngQDC86AOOpCaptocKuXVufSCFzzNk27ovvzhA+LdcKREwjiOqLrQomWkYTpyJsr4\nadR2fhIu41o8cGkyKFCr0kut+9hj5SmVyxo8ifznakhQZKZx1nDAwmcDKcoMZi6P\neQNVAhTN/w/fX8P0oEjoczEgDWzNVlPjd0ULqQoFmzKKHwAAAIEA8+KX933IOwAe\nEAdEM/VKAKnGJQ78kEE9KnGh243g1m+9d5cCjvaa4u42CU8SyIoPfcHixAsHvDVb\nD5LtE89qorMXZ5lzqMjsUfFtr0ZsbKsVET6aBaYQcG1Hu0MiT8uaENP6x9BsB/qw\nJ6KN0/fcC0phqG2Rc3uMGm1KcMNkqncAAAAAAQID\n-----END OPENSSH PRIVATE KEY-----\n",
            "private_key_pem": "-----BEGIN RSA PRIVATE KEY-----\nMIIEpAIBAAKCAQEAubnPuvpoOSTvkVC4+yiYPCLP4nlLDJ/XQJmNUgoZwMZY4Sri\n+Bt+7eITu9EM4agrUQ1n0nNpDDpcKxTmrxD5LzNmLYFC36+uyuFhtGx1hhGxEuBB\ng/LIXI6OUx2SRuaiO7UbuQJsrKaQ/Xe6E3Z8BjT5foOj0R4ei9jSP4mdlr6mD88h\n35eO7GxEcxkVdcBTwNm9toVvcFw0zCjXh91zp1ZWN9flOvBbaud8jcDmcuPhavNV\ndCIia/VztOq5s5Z6MlDCluEXOv1IKqpMYBXaOyWw/pqiVf9Kaql5TvCsJhEYpKSc\nNLzyn5+S/0vByStShbfA4Mq4QVFS3+QuRVLKaQIDAQABAoIBAAD/Xn5Cmgy0hhTh\nuhyfOzIXfcZZoG2Q7jcKnBe0ti6y4gdTk6SBgU0FydVYahlMLe9hgw0+UXIfXh9d\nHWATV0NJo2LbLuDEsMumKkAt1PPDZJAVZESxKSJWIa2QmxiGZJitgFieCrdiraSu\n3/D60e+2mSB01Ixq/P8DSx3MP2xv11kX1q7fR194ICk5H3cRe23kWXLiMNCpXk94\n0jEqqE75FXTfr5gPEbSUDw1xyuHDviJc+2p8fbzyxrHwm+c8rPxnqOwYcTF0Ycrv\nLKqkeuOgzl5Sx3ufHyhDyFB7az5KwMsbQc2Ja+YTNbANcNnwj4VPm3esQ7mINrVe\ncD5tA4ECgYEAwvOgDjqQmqbaHCrl1bn0ghc8zZNu6L784QPi3XCkRMI4jqi60KJl\npGE6cibK+GnUdn4SLuNaPHBpMihQq9JLrfvYY+UplcsaPIn852pIUGSmcdZwwMJn\nAynKDGYuj3kDVQIUzf8P31/D9KBI6HMxIA1szVZT43dFC6kKBZsyih8CgYEA8+KX\n933IOwAeEAdEM/VKAKnGJQ78kEE9KnGh243g1m+9d5cCjvaa4u42CU8SyIoPfcHi\nxAsHvDVbD5LtE89qorMXZ5lzqMjsUfFtr0ZsbKsVET6aBaYQcG1Hu0MiT8uaENP6\nx9BsB/qwJ6KN0/fcC0phqG2Rc3uMGm1KcMNkqncCgYEAhDEcq+lMWoGfThBMjrMs\nN/Y31ZIOV6YB5TZ0ZAFYcgNcxGdnXcdwspj3P6ZMZUultL9h5wdlDayPuGIb6ZaM\nmKo4HeyrWRZCcSCELAsmg9TsBC8Lf7mSjlOM3QGAuuqstrzVjKVShv3x6vOw3GYX\nvos75rSN56TdXb2+vPRyvbMCgYEA8x9MRxhI5ygyz9+uie1YnFiigobyGAwxIYKt\ny+Uf4iT6R6Ful34W4Wp+y8DcBLY8wyzpFm24hFLcOCZL2JfIwfCuwEQlHHlPvFBk\n+3nE1H+oPMyfVko50RnfjDpclhdtuqDXOyH2z+2Edb6CjHBmF4tK11CC0xCylhWl\nQ8xFKfkCgYBtUSJ/cD56ALizTWO4wiGFUNCFKcbbbB6Gqy0xkAV0I0eUOK66Nxys\n6HkIPW1xAme2rpRNnCg2Qf/0GcYavQw+tWF2o+SE1/HBftVvh5nSjYuKPSVdgubP\n/KeMfpl0zGBvHVcamkKGsSF4oJ3pLYoq54G0i2bQ3VPmU9eXcQIpFg==\n-----END RSA PRIVATE KEY-----\n",
            "public_key_fingerprint_md5": "d4:7d:e4:4f:de:cb:40:f5:67:fd:67:93:dd:e1:72:bf",
            "public_key_fingerprint_sha256": "SHA256:gvu8bzIaW6b/kLfCYoYde73jMnrIX2o5paESMdfdE0o",
            "public_key_openssh": "ssh-rsa AAAAB3NzaC1yc2EAAAADAQABAAABAQC5uc+6+mg5JO+RULj7KJg8Is/ieUsMn9dAmY1SChnAxljhKuL4G37t4hO70QzhqCtRDWfSc2kMOlwrFOavEPkvM2YtgULfr67K4WG0bHWGEbES4EGD8shcjo5THZJG5qI7tRu5AmysppD9d7oTdnwGNPl+g6PRHh6L2NI/iZ2WvqYPzyHfl47sbERzGRV1wFPA2b22hW9wXDTMKNeH3XOnVlY31+U68Ftq53yNwOZy4+Fq81V0IiJr9XO06rmzlnoyUMKW4Rc6/UgqqkxgFdo7JbD+mqJV/0pqqXlO8KwmERikpJw0vPKfn5L/S8HJK1KFt8DgyrhBUVLf5C5FUspp\n",
            "public_key_pem": "-----BEGIN PUBLIC KEY-----\nMIIBIjANBgkqhkiG9w0BAQEFAAOCAQ8AMIIBCgKCAQEAubnPuvpoOSTvkVC4+yiY\nPCLP4nlLDJ/XQJmNUgoZwMZY4Sri+Bt+7eITu9EM4agrUQ1n0nNpDDpcKxTmrxD5\nLzNmLYFC36+uyuFhtGx1hhGxEuBBg/LIXI6OUx2SRuaiO7UbuQJsrKaQ/Xe6E3Z8\nBjT5foOj0R4ei9jSP4mdlr6mD88h35eO7GxEcxkVdcBTwNm9toVvcFw0zCjXh91z\np1ZWN9flOvBbaud8jcDmcuPhavNVdCIia/VztOq5s5Z6MlDCluEXOv1IKqpMYBXa\nOyWw/pqiVf9Kaql5TvCsJhEYpKScNLzyn5+S/0vByStShbfA4Mq4QVFS3+QuRVLK\naQIDAQAB\n-----END PUBLIC KEY-----\n",
            "rsa_bits": 2048
          },
          "sensitive_attributes": [],
          "private": "bnVsbA=="
        }
      ]
    }
  ]
}
